# This file is automatically @generated by Cargo.
# It is not intended for manual editing.
[[package]]
name = "arrayvec"
version = "0.4.12"
source = "registry+https://github.com/rust-lang/crates.io-index"
dependencies = [
 "nodrop 0.1.14 (registry+https://github.com/rust-lang/crates.io-index)",
]

[[package]]
name = "bitflags"
version = "1.2.1"
source = "registry+https://github.com/rust-lang/crates.io-index"

[[package]]
name = "futures-core"
version = "0.3.4"
source = "registry+https://github.com/rust-lang/crates.io-index"

[[package]]
name = "futures-task"
version = "0.3.4"
source = "registry+https://github.com/rust-lang/crates.io-index"

[[package]]
name = "futures-util"
version = "0.3.4"
source = "registry+https://github.com/rust-lang/crates.io-index"
dependencies = [
 "futures-core 0.3.4 (registry+https://github.com/rust-lang/crates.io-index)",
 "futures-task 0.3.4 (registry+https://github.com/rust-lang/crates.io-index)",
 "pin-utils 0.1.0-alpha.4 (registry+https://github.com/rust-lang/crates.io-index)",
]

[[package]]
name = "gcn"
version = "0.1.0"
source = "git+https://github.com/CryZe/gcn#20204290fb1073bce9ec4b7b1473ece3d08a337d"
dependencies = [
 "arrayvec 0.4.12 (registry+https://github.com/rust-lang/crates.io-index)",
]

[[package]]
name = "lazy_static"
version = "1.4.0"
source = "registry+https://github.com/rust-lang/crates.io-index"
dependencies = [
 "spin 0.5.2 (registry+https://github.com/rust-lang/crates.io-index)",
]

[[package]]
name = "libtww"
version = "0.1.0"
source = "git+https://github.com/CryZe/libtww-core#6573470dd25c8935329123bfd3300e31746fb18c"
dependencies = [
 "arrayvec 0.4.12 (registry+https://github.com/rust-lang/crates.io-index)",
 "bitflags 1.2.1 (registry+https://github.com/rust-lang/crates.io-index)",
 "futures-util 0.3.4 (registry+https://github.com/rust-lang/crates.io-index)",
 "gcn 0.1.0 (git+https://github.com/CryZe/gcn)",
]

[[package]]
name = "nodrop"
version = "0.1.14"
source = "registry+https://github.com/rust-lang/crates.io-index"

[[package]]
name = "pin-utils"
version = "0.1.0-alpha.4"
source = "registry+https://github.com/rust-lang/crates.io-index"

[[package]]
name = "rom_hack"
version = "0.1.0"
dependencies = [
 "futures-util 0.3.4 (registry+https://github.com/rust-lang/crates.io-index)",
 "gcn 0.1.0 (git+https://github.com/CryZe/gcn)",
 "lazy_static 1.4.0 (registry+https://github.com/rust-lang/crates.io-index)",
 "libtww 0.1.0 (git+https://github.com/CryZe/libtww-core)",
]

[[package]]
name = "spin"
version = "0.5.2"
source = "registry+https://github.com/rust-lang/crates.io-index"

[metadata]
"checksum arrayvec 0.4.12 (registry+https://github.com/rust-lang/crates.io-index)" = "cd9fd44efafa8690358b7408d253adf110036b88f55672a933f01d616ad9b1b9"
"checksum bitflags 1.2.1 (registry+https://github.com/rust-lang/crates.io-index)" = "cf1de2fe8c75bc145a2f577add951f8134889b4795d47466a54a5c846d691693"
"checksum futures-core 0.3.4 (registry+https://github.com/rust-lang/crates.io-index)" = "f25592f769825e89b92358db00d26f965761e094951ac44d3663ef25b7ac464a"
"checksum futures-task 0.3.4 (registry+https://github.com/rust-lang/crates.io-index)" = "7b0a34e53cf6cdcd0178aa573aed466b646eb3db769570841fda0c7ede375a27"
"checksum futures-util 0.3.4 (registry+https://github.com/rust-lang/crates.io-index)" = "22766cf25d64306bedf0384da004d05c9974ab104fcc4528f1236181c18004c5"
"checksum gcn 0.1.0 (git+https://github.com/CryZe/gcn)" = "<none>"
"checksum lazy_static 1.4.0 (registry+https://github.com/rust-lang/crates.io-index)" = "e2abad23fbc42b3700f2f279844dc832adb2b2eb069b2df918f455c4e18cc646"
"checksum libtww 0.1.0 (git+https://github.com/CryZe/libtww-core)" = "<none>"
"checksum nodrop 0.1.14 (registry+https://github.com/rust-lang/crates.io-index)" = "72ef4a56884ca558e5ddb05a1d1e7e1bfd9a68d9ed024c21704cc98872dae1bb"
"checksum pin-utils 0.1.0-alpha.4 (registry+https://github.com/rust-lang/crates.io-index)" = "5894c618ce612a3fa23881b152b608bafb8c56cfc22f434a3ba3120b40f7b587"
"checksum spin 0.5.2 (registry+https://github.com/rust-lang/crates.io-index)" = "6e63cff320ae2c57904679ba7cb63280a3dc4613885beafb148ee7bf9aa9042d"
